{
    "_meta": {
        "hash": {
            "sha256": "0cda63882f4a5ad3d210a90e76bde86fb18c32f2231023496c532a78b2a2c0cb"
        },
        "pipfile-spec": 6,
        "requires": {
            "python_version": "3.6"
        },
        "sources": [
            {
                "name": "pypi",
                "url": "https://pypi.python.org/simple",
                "verify_ssl": true
            }
        ]
    },
    "default": {
        "aio-pika": {
            "hashes": [
                "sha256:22e722c7202d85abfbfbe9a9ee96fdf064d621489f45d4fd383306de5d765e12",
                "sha256:308b439822648c61634117d900678d71ef4a7afea7ce5b921826ce07b7f60290"
            ],
            "index": "pypi",
            "version": "==5.3.2"
        },
        "aiodns": {
            "hashes": [
                "sha256:815fdef4607474295d68da46978a54481dd1e7be153c7d60f9e72773cd38d77d",
                "sha256:aaa5ac584f40fe778013df0aa6544bf157799bd3f608364b451840ed2c8688de"
            ],
            "index": "pypi",
            "version": "==2.0.0"
        },
        "aiohttp": {
            "hashes": [
                "sha256:0419705a36b43c0ac6f15469f9c2a08cad5c939d78bd12a5c23ea167c8253b2b",
                "sha256:1812fc4bc6ac1bde007daa05d2d0f61199324e0cc893b11523e646595047ca08",
                "sha256:2214b5c0153f45256d5d52d1e0cafe53f9905ed035a142191727a5fb620c03dd",
                "sha256:275909137f0c92c61ba6bb1af856a522d5546f1de8ea01e4e726321c697754ac",
                "sha256:3983611922b561868428ea1e7269e757803713f55b53502423decc509fef1650",
                "sha256:51afec6ffa50a9da4cdef188971a802beb1ca8e8edb40fa429e5e529db3475fa",
                "sha256:589f2ec8a101a0f340453ee6945bdfea8e1cd84c8d88e5be08716c34c0799d95",
                "sha256:789820ddc65e1f5e71516adaca2e9022498fa5a837c79ba9c692a9f8f916c330",
                "sha256:7a968a0bdaaf9abacc260911775611c9a602214a23aeb846f2eb2eeaa350c4dc",
                "sha256:7aeefbed253f59ea39e70c5848de42ed85cb941165357fc7e87ab5d8f1f9592b",
                "sha256:7b2eb55c66512405103485bd7d285a839d53e7fdc261ab20e5bcc51d7aaff5de",
                "sha256:87bc95d3d333bb689c8d755b4a9d7095a2356108002149523dfc8e607d5d32a4",
                "sha256:9d80e40db208e29168d3723d1440ecbb06054d349c5ece6a2c5a611490830dd7",
                "sha256:a1b442195c2a77d33e4dbee67c9877ccbdd3a1f686f91eb479a9577ed8cc326b",
                "sha256:ab3d769413b322d6092f169f316f7b21cd261a7589f7e31db779d5731b0480d8",
                "sha256:b066d3dec5d0f5aee6e34e5765095dc3d6d78ef9839640141a2b20816a0642bd",
                "sha256:b24e7845ae8de3e388ef4bcfcf7f96b05f52c8e633b33cf8003a6b1d726fc7c2",
                "sha256:c59a953c3f8524a7c86eaeaef5bf702555be12f5668f6384149fe4bb75c52698",
                "sha256:cf2cc6c2c10d242790412bea7ccf73726a9a44b4c4b073d2699ef3b48971fd95",
                "sha256:e0c9c8d4150ae904f308ff27b35446990d2b1dfc944702a21925937e937394c6",
                "sha256:f1839db4c2b08a9c8f9788112644f8a8557e8e0ecc77b07091afabb941dc55d0",
                "sha256:f3df52362be39908f9c028a65490fae0475e4898b43a03d8aa29d1e765b45e07"
            ],
            "index": "pypi",
            "version": "==3.4.4"
        },
        "aiormq": {
            "hashes": [
                "sha256:40832b67a96b63d0dc70292daf094ec5a0cab8649120333543bd07ccafc2b502",
                "sha256:7d0146ea803699a5d4b7c1459c1065d110e52afcb785b2b9e70591a7af9ddbb2"
            ],
            "version": "==2.0.1"
        },
        "alabaster": {
            "hashes": [
                "sha256:446438bdcca0e05bd45ea2de1668c1d9b032e1a9154c2c259092d77031ddd359",
                "sha256:a661d72d58e6ea8a57f7a86e37d86716863ee5e92788398526d58b26a4e4dc02"
            ],
            "version": "==0.7.12"
        },
        "async-timeout": {
            "hashes": [
                "sha256:0c3c816a028d47f659d6ff5c745cb2acf1f966da1fe5c19c77a70282b25f4c5f",
                "sha256:4291ca197d287d274d0b6cb5d6f8f8f82d434ed288f962539ff18cc9012f9ea3"
            ],
            "version": "==3.0.1"
        },
        "attrs": {
            "hashes": [
                "sha256:69c0dbf2ed392de1cb5ec704444b08a5ef81680a61cb899dc08127123af36a79",
                "sha256:f0b870f674851ecbfbbbd364d6b5cbdff9dcedbc7f3f5e18a6891057f21fe399"
            ],
            "version": "==19.1.0"
        },
        "babel": {
            "hashes": [
                "sha256:6778d85147d5d85345c14a26aada5e478ab04e39b078b0745ee6870c2b5cf669",
                "sha256:8cba50f48c529ca3fa18cf81fa9403be176d374ac4d60738b839122dfaaa3d23"
            ],
            "version": "==2.6.0"
        },
        "beautifulsoup4": {
            "hashes": [
                "sha256:034740f6cb549b4e932ae1ab975581e6103ac8f942200a0e9759065984391858",
                "sha256:945065979fb8529dd2f37dbb58f00b661bdbcbebf954f93b32fdf5263ef35348",
                "sha256:ba6d5c59906a85ac23dadfe5c88deaf3e179ef565f4898671253e50a78680718"
            ],
            "version": "==4.7.1"
        },
        "certifi": {
            "hashes": [
                "sha256:47f9c83ef4c0c621eaef743f133f09fa8a74a9b75f037e8624f83bd1b6626cb7",
                "sha256:993f830721089fef441cdfeb4b2c8c9df86f0c63239f06bd025a76a7daddb033"
            ],
            "version": "==2018.11.29"
        },
        "cffi": {
            "hashes": [
                "sha256:00b97afa72c233495560a0793cdc86c2571721b4271c0667addc83c417f3d90f",
                "sha256:0ba1b0c90f2124459f6966a10c03794082a2f3985cd699d7d63c4a8dae113e11",
                "sha256:0bffb69da295a4fc3349f2ec7cbe16b8ba057b0a593a92cbe8396e535244ee9d",
                "sha256:21469a2b1082088d11ccd79dd84157ba42d940064abbfa59cf5f024c19cf4891",
                "sha256:2e4812f7fa984bf1ab253a40f1f4391b604f7fc424a3e21f7de542a7f8f7aedf",
                "sha256:2eac2cdd07b9049dd4e68449b90d3ef1adc7c759463af5beb53a84f1db62e36c",
                "sha256:2f9089979d7456c74d21303c7851f158833d48fb265876923edcb2d0194104ed",
                "sha256:3dd13feff00bddb0bd2d650cdb7338f815c1789a91a6f68fdc00e5c5ed40329b",
                "sha256:4065c32b52f4b142f417af6f33a5024edc1336aa845b9d5a8d86071f6fcaac5a",
                "sha256:51a4ba1256e9003a3acf508e3b4f4661bebd015b8180cc31849da222426ef585",
                "sha256:59888faac06403767c0cf8cfb3f4a777b2939b1fbd9f729299b5384f097f05ea",
                "sha256:59c87886640574d8b14910840327f5cd15954e26ed0bbd4e7cef95fa5aef218f",
                "sha256:610fc7d6db6c56a244c2701575f6851461753c60f73f2de89c79bbf1cc807f33",
                "sha256:70aeadeecb281ea901bf4230c6222af0248c41044d6f57401a614ea59d96d145",
                "sha256:71e1296d5e66c59cd2c0f2d72dc476d42afe02aeddc833d8e05630a0551dad7a",
                "sha256:8fc7a49b440ea752cfdf1d51a586fd08d395ff7a5d555dc69e84b1939f7ddee3",
                "sha256:9b5c2afd2d6e3771d516045a6cfa11a8da9a60e3d128746a7fe9ab36dfe7221f",
                "sha256:9c759051ebcb244d9d55ee791259ddd158188d15adee3c152502d3b69005e6bd",
                "sha256:b4d1011fec5ec12aa7cc10c05a2f2f12dfa0adfe958e56ae38dc140614035804",
                "sha256:b4f1d6332339ecc61275bebd1f7b674098a66fea11a00c84d1c58851e618dc0d",
                "sha256:c030cda3dc8e62b814831faa4eb93dd9a46498af8cd1d5c178c2de856972fd92",
                "sha256:c2e1f2012e56d61390c0e668c20c4fb0ae667c44d6f6a2eeea5d7148dcd3df9f",
                "sha256:c37c77d6562074452120fc6c02ad86ec928f5710fbc435a181d69334b4de1d84",
                "sha256:c8149780c60f8fd02752d0429246088c6c04e234b895c4a42e1ea9b4de8d27fb",
                "sha256:cbeeef1dc3c4299bd746b774f019de9e4672f7cc666c777cd5b409f0b746dac7",
                "sha256:e113878a446c6228669144ae8a56e268c91b7f1fafae927adc4879d9849e0ea7",
                "sha256:e21162bf941b85c0cda08224dade5def9360f53b09f9f259adb85fc7dd0e7b35",
                "sha256:fb6934ef4744becbda3143d30c6604718871495a5e36c408431bf33d9c146889"
            ],
            "version": "==1.12.2"
        },
        "chardet": {
            "hashes": [
                "sha256:84ab92ed1c4d4f16916e05906b6b75a6c0fb5db821cc65e70cbd64a3e2a5eaae",
                "sha256:fc323ffcaeaed0e0a02bf4d117757b98aed530d9ed4531e3e15460124c106691"
            ],
            "version": "==3.0.4"
        },
        "deepdiff": {
            "hashes": [
                "sha256:152b29dd9cd97cc78403121fb394925ec47377d4a410751e56547c3930ba2b39",
                "sha256:b4150052e610b231885c4c0be3eea86e4c029df91550ec51b9fc14dd209a5055",
                "sha256:ecad8e16a96ffd27e8f40c9801a6ab16ec6a7e7e6e6859a7710ba4695f22702c"
            ],
            "index": "pypi",
            "version": "==3.3.0"
        },
        "discord-py": {
            "editable": true,
            "extras": [
                "voice"
            ],
            "git": "https://github.com/Rapptz/discord.py.git",
            "ref": "860d6a9ace8248dfeec18b8b159e7b757d9f56bb"
        },
        "docutils": {
            "hashes": [
                "sha256:02aec4bd92ab067f6ff27a38a38a41173bf01bed8f89157768c1573f53e474a6",
                "sha256:51e64ef2ebfb29cae1faa133b3710143496eca21c530f3f71424d77687764274",
                "sha256:7a4bd47eaf6596e1295ecb11361139febe29b084a87bf005bf899f9a42edc3c6"
            ],
            "version": "==0.14"
        },
        "dulwich": {
            "hashes": [
                "sha256:afbe070f6899357e33f63f3f3696e601731fef66c64a489dea1bc9f539f4a725"
            ],
            "index": "pypi",
            "version": "==0.19.11"
        },
        "fuzzywuzzy": {
            "hashes": [
                "sha256:5ac7c0b3f4658d2743aa17da53a55598144edbc5bee3c6863840636e6926f254",
                "sha256:6f49de47db00e1c71d40ad16da42284ac357936fa9b66bea1df63fed07122d62"
            ],
            "index": "pypi",
            "version": "==0.17.0"
        },
        "idna": {
            "hashes": [
                "sha256:c357b3f628cf53ae2c4c05627ecc484553142ca23264e593d327bcde5e9c3407",
                "sha256:ea8b7f6188e6fa117537c3df7da9fc686d485087abf6ac197f9c46432f7e4a3c"
            ],
            "version": "==2.8"
        },
        "idna-ssl": {
            "hashes": [
                "sha256:a933e3bb13da54383f9e8f35dc4f9cb9eb9b3b78c6b36f311254d6d0d92c6c7c"
            ],
            "markers": "python_version < '3.7'",
            "version": "==1.1.0"
        },
        "imagesize": {
            "hashes": [
                "sha256:3f349de3eb99145973fefb7dbe38554414e5c30abd0c8e4b970a7c9d09f3a1d8",
                "sha256:f3832918bc3c66617f92e35f5d70729187676313caa60c187eb0f28b8fe5e3b5"
            ],
            "version": "==1.1.0"
        },
        "jinja2": {
            "hashes": [
                "sha256:74c935a1b8bb9a3947c50a54766a969d4846290e1e788ea44c1392163723c3bd",
                "sha256:f84be1bb0040caca4cea721fcbbbbd61f9be9464ca236387158b0feea01914a4"
            ],
            "version": "==2.10"
        },
        "jsonpickle": {
            "hashes": [
                "sha256:0231d6f7ebc4723169310141352d9c9b7bbbd6f3be110cf634575d2bf2af91f0",
                "sha256:625098cc8e5854b8c23b587aec33bc8e33e0e597636bfaca76152249c78fe5c1"
            ],
            "version": "==1.1"
        },
        "logmatic-python": {
            "hashes": [
                "sha256:0c15ac9f5faa6a60059b28910db642c3dc7722948c3cc940923f8c9039604342"
            ],
            "index": "pypi",
            "version": "==0.1.7"
        },
        "lxml": {
            "hashes": [
                "sha256:0358b9e9642bc7d39aac5cffe9884a99a5ca68e5e2c1b89e570ed60da9139908",
                "sha256:091a359c4dafebbecd3959d9013f1b896b5371859165e4e50b01607a98d9e3e2",
                "sha256:1998e4e60603c64bcc35af61b4331ab3af087457900d3980e18d190e17c3a697",
                "sha256:2000b4088dee9a41f459fddaf6609bba48a435ce6374bb254c5ccdaa8928c5ba",
                "sha256:2afb0064780d8aaf165875be5898c1866766e56175714fa5f9d055433e92d41d",
                "sha256:2d8f1d9334a4e3ff176d096c14ded3100547d73440683567d85b8842a53180bb",
                "sha256:2e38db22f6a3199fd63675e1b4bd795d676d906869047398f29f38ca55cb453a",
                "sha256:3181f84649c1a1ca62b19ddf28436b1b2cb05ae6c7d2628f33872e713994c364",
                "sha256:37462170dfd88af8431d04de6b236e6e9c06cda71e2ca26d88ef2332fd2a5237",
                "sha256:3a9d8521c89bf6f2a929c3d12ad3ad7392c774c327ea809fd08a13be6b3bc05f",
                "sha256:3d0bbd2e1a28b4429f24fd63a122a450ce9edb7a8063d070790092d7343a1aa4",
                "sha256:483d60585ce3ee71929cea70949059f83850fa5e12deb9c094ed1c8c2ec73cbd",
                "sha256:4888be27d5cba55ce94209baef5bcd7bbd7314a3d17021a5fc10000b3a5f737d",
                "sha256:64b0d62e4209170a2a0c404c446ab83b941a0003e96604d2e4f4cb735f8a2254",
                "sha256:68010900898fdf139ac08549c4dba8206c584070a960ffc530aebf0c6f2794ef",
                "sha256:872ecb066de602a0099db98bd9e57f4cfc1d62f6093d94460c787737aa08f39e",
                "sha256:88a32b03f2e4cd0e63f154cac76724709f40b3fc2f30139eb5d6f900521b44ed",
                "sha256:b1dc7683da4e67ab2bebf266afa68098d681ae02ce570f0d1117312273d2b2ac",
                "sha256:b29e27ce9371810250cb1528a771d047a9c7b0f79630dc7dc5815ff828f4273b",
                "sha256:ce197559596370d985f1ce6b7051b52126849d8159040293bf8b98cb2b3e1f78",
                "sha256:d45cf6daaf22584eff2175f48f82c4aa24d8e72a44913c5aff801819bb73d11f",
                "sha256:e2ff9496322b2ce947ba4a7a5eb048158de9d6f3fe9efce29f1e8dd6878561e6",
                "sha256:f7b979518ec1f294a41a707c007d54d0f3b3e1fd15d5b26b7e99b62b10d9a72e",
                "sha256:f9c7268e9d16e34e50f8246c4f24cf7353764affd2bc971f0379514c246e3f6b",
                "sha256:f9c839806089d79de588ee1dde2dae05dc1156d3355dfeb2b51fde84d9c960ad",
                "sha256:ff962953e2389226adc4d355e34a98b0b800984399153c6678f2367b11b4d4b8"
            ],
            "index": "pypi",
            "version": "==4.3.2"
        },
        "markdownify": {
            "hashes": [
                "sha256:28ce67d1888e4908faaab7b04d2193cda70ea4f902f156a21d0aaea55e63e0a1"
            ],
            "index": "pypi",
            "version": "==0.4.1"
        },
        "markupsafe": {
            "hashes": [
                "sha256:00bc623926325b26bb9605ae9eae8a215691f33cae5df11ca5424f06f2d1f473",
                "sha256:09027a7803a62ca78792ad89403b1b7a73a01c8cb65909cd876f7fcebd79b161",
                "sha256:09c4b7f37d6c648cb13f9230d847adf22f8171b1ccc4d5682398e77f40309235",
                "sha256:1027c282dad077d0bae18be6794e6b6b8c91d58ed8a8d89a89d59693b9131db5",
                "sha256:24982cc2533820871eba85ba648cd53d8623687ff11cbb805be4ff7b4c971aff",
                "sha256:29872e92839765e546828bb7754a68c418d927cd064fd4708fab9fe9c8bb116b",
                "sha256:43a55c2930bbc139570ac2452adf3d70cdbb3cfe5912c71cdce1c2c6bbd9c5d1",
                "sha256:46c99d2de99945ec5cb54f23c8cd5689f6d7177305ebff350a58ce5f8de1669e",
                "sha256:500d4957e52ddc3351cabf489e79c91c17f6e0899158447047588650b5e69183",
                "sha256:535f6fc4d397c1563d08b88e485c3496cf5784e927af890fb3c3aac7f933ec66",
                "sha256:62fe6c95e3ec8a7fad637b7f3d372c15ec1caa01ab47926cfdf7a75b40e0eac1",
                "sha256:6dd73240d2af64df90aa7c4e7481e23825ea70af4b4922f8ede5b9e35f78a3b1",
                "sha256:717ba8fe3ae9cc0006d7c451f0bb265ee07739daf76355d06366154ee68d221e",
                "sha256:79855e1c5b8da654cf486b830bd42c06e8780cea587384cf6545b7d9ac013a0b",
                "sha256:7c1699dfe0cf8ff607dbdcc1e9b9af1755371f92a68f706051cc8c37d447c905",
                "sha256:88e5fcfb52ee7b911e8bb6d6aa2fd21fbecc674eadd44118a9cc3863f938e735",
                "sha256:8defac2f2ccd6805ebf65f5eeb132adcf2ab57aa11fdf4c0dd5169a004710e7d",
                "sha256:98c7086708b163d425c67c7a91bad6e466bb99d797aa64f965e9d25c12111a5e",
                "sha256:9add70b36c5666a2ed02b43b335fe19002ee5235efd4b8a89bfcf9005bebac0d",
                "sha256:9bf40443012702a1d2070043cb6291650a0841ece432556f784f004937f0f32c",
                "sha256:ade5e387d2ad0d7ebf59146cc00c8044acbd863725f887353a10df825fc8ae21",
                "sha256:b00c1de48212e4cc9603895652c5c410df699856a2853135b3967591e4beebc2",
                "sha256:b1282f8c00509d99fef04d8ba936b156d419be841854fe901d8ae224c59f0be5",
                "sha256:b2051432115498d3562c084a49bba65d97cf251f5a331c64a12ee7e04dacc51b",
                "sha256:ba59edeaa2fc6114428f1637ffff42da1e311e29382d81b339c1817d37ec93c6",
                "sha256:c8716a48d94b06bb3b2524c2b77e055fb313aeb4ea620c8dd03a105574ba704f",
                "sha256:cd5df75523866410809ca100dc9681e301e3c27567cf498077e8551b6d20e42f",
                "sha256:e249096428b3ae81b08327a63a485ad0878de3fb939049038579ac0ef61e17e7"
            ],
            "version": "==1.1.1"
        },
        "multidict": {
            "hashes": [
                "sha256:024b8129695a952ebd93373e45b5d341dbb87c17ce49637b34000093f243dd4f",
                "sha256:041e9442b11409be5e4fc8b6a97e4bcead758ab1e11768d1e69160bdde18acc3",
                "sha256:045b4dd0e5f6121e6f314d81759abd2c257db4634260abcfe0d3f7083c4908ef",
                "sha256:047c0a04e382ef8bd74b0de01407e8d8632d7d1b4db6f2561106af812a68741b",
                "sha256:068167c2d7bbeebd359665ac4fff756be5ffac9cda02375b5c5a7c4777038e73",
                "sha256:148ff60e0fffa2f5fad2eb25aae7bef23d8f3b8bdaf947a65cdbe84a978092bc",
                "sha256:1d1c77013a259971a72ddaa83b9f42c80a93ff12df6a4723be99d858fa30bee3",
                "sha256:1d48bc124a6b7a55006d97917f695effa9725d05abe8ee78fd60d6588b8344cd",
                "sha256:31dfa2fc323097f8ad7acd41aa38d7c614dd1960ac6681745b6da124093dc351",
                "sha256:34f82db7f80c49f38b032c5abb605c458bac997a6c3142e0d6c130be6fb2b941",
                "sha256:3d5dd8e5998fb4ace04789d1d008e2bb532de501218519d70bb672c4c5a2fc5d",
                "sha256:4a6ae52bd3ee41ee0f3acf4c60ceb3f44e0e3bc52ab7da1c2b2aa6703363a3d1",
                "sha256:4b02a3b2a2f01d0490dd39321c74273fed0568568ea0e7ea23e02bd1fb10a10b",
                "sha256:4b843f8e1dd6a3195679d9838eb4670222e8b8d01bc36c9894d6c3538316fa0a",
                "sha256:5de53a28f40ef3c4fd57aeab6b590c2c663de87a5af76136ced519923d3efbb3",
                "sha256:61b2b33ede821b94fa99ce0b09c9ece049c7067a33b279f343adfe35108a4ea7",
                "sha256:6a3a9b0f45fd75dc05d8e93dc21b18fc1670135ec9544d1ad4acbcf6b86781d0",
                "sha256:76ad8e4c69dadbb31bad17c16baee61c0d1a4a73bed2590b741b2e1a46d3edd0",
                "sha256:7ba19b777dc00194d1b473180d4ca89a054dd18de27d0ee2e42a103ec9b7d014",
                "sha256:7c1b7eab7a49aa96f3db1f716f0113a8a2e93c7375dd3d5d21c4941f1405c9c5",
                "sha256:7fc0eee3046041387cbace9314926aa48b681202f8897f8bff3809967a049036",
                "sha256:8ccd1c5fff1aa1427100ce188557fc31f1e0a383ad8ec42c559aabd4ff08802d",
                "sha256:8e08dd76de80539d613654915a2f5196dbccc67448df291e69a88712ea21e24a",
                "sha256:c18498c50c59263841862ea0501da9f2b3659c00db54abfbf823a80787fde8ce",
                "sha256:c49db89d602c24928e68c0d510f4fcf8989d77defd01c973d6cbe27e684833b1",
                "sha256:ce20044d0317649ddbb4e54dab3c1bcc7483c78c27d3f58ab3d0c7e6bc60d26a",
                "sha256:d1071414dd06ca2eafa90c85a079169bfeb0e5f57fd0b45d44c092546fcd6fd9",
                "sha256:d3be11ac43ab1a3e979dac80843b42226d5d3cccd3986f2e03152720a4297cd7",
                "sha256:db603a1c235d110c860d5f39988ebc8218ee028f07a7cbc056ba6424372ca31b"
            ],
            "version": "==4.5.2"
        },
        "packaging": {
            "hashes": [
                "sha256:0c98a5d0be38ed775798ece1b9727178c4469d9c3b4ada66e8e6b7849f8732af",
                "sha256:9e1cbf8c12b1f1ce0bb5344b8d7ecf66a6f8a6e91bcb0c84593ed6d3ab5c4ab3"
            ],
            "version": "==19.0"
        },
        "pamqp": {
            "hashes": [
                "sha256:24370038a22583b8036fe92f94e5d04347e2b0f8e2502513dc5741472387b13e",
                "sha256:e1fa1107a195993fca6e04f1eb7286b60e223c958944d7808a501258ccc0ef8c"
            ],
            "version": "==2.1.0"
        },
        "pycares": {
            "hashes": [
                "sha256:2ca080db265ea238dc45f997f94effb62b979a617569889e265c26a839ed6305",
                "sha256:6f79c6afb6ce603009db2042fddc2e348ad093ece9784cbe2daa809499871a23",
                "sha256:70918d06eb0603016d37092a5f2c0228509eb4e6c5a3faacb4184f6ab7be7650",
                "sha256:755187d28d24a9ea63aa2b4c0638be31d65fbf7f0ce16d41261b9f8cb55a1b99",
                "sha256:7baa4b1f2146eb8423ff8303ebde3a20fb444a60db761fba0430d104fe35ddbf",
                "sha256:90b27d4df86395f465a171386bc341098d6d47b65944df46518814ae298f6cc6",
                "sha256:9e090dd6b2afa65cb51c133883b2bf2240fd0f717b130b0048714b33fb0f47ce",
                "sha256:a11b7d63c3718775f6e805d6464cb10943780395ab042c7e5a0a7a9f612735dd",
                "sha256:b253f5dcaa0ac7076b79388a3ac80dd8f3bd979108f813baade40d3a9b8bf0bd",
                "sha256:c7f4f65e44ba35e35ad3febc844270665bba21cfb0fb7d749434e705b556e087",
                "sha256:cdb342e6a254f035bd976d95807a2184038fc088d957a5104dcaab8be602c093",
                "sha256:cf08e164f8bfb83b9fe633feb56f2754fae6baefcea663593794fa0518f8f98c",
                "sha256:df9bc694cf03673878ea8ce674082c5acd134991d64d6c306d4bd61c0c1df98f"
            ],
            "version": "==3.0.0"
        },
        "pycparser": {
            "hashes": [
                "sha256:2d4f907c7667f7a264d65e5f48a516c70ea07e6ecb6f121588c1c97cd536a6b5",
                "sha256:a988718abfad80b6b157acce7bf130a30876d27603738ac39f140993246b25b3"
            ],
            "version": "==2.19"
        },
        "pygments": {
            "hashes": [
                "sha256:5ffada19f6203563680669ee7f53b64dabbeb100eb51b61996085e99c03b284a",
                "sha256:e8218dd399a61674745138520d0d4cf2621d7e032439341bc3f647bff125818d"
            ],
            "version": "==2.3.1"
        },
        "pynacl": {
            "hashes": [
                "sha256:04e30e5bdeeb2d5b34107f28cd2f5bbfdc6c616f3be88fc6f53582ff1669eeca",
                "sha256:0bfa0d94d2be6874e40f896e0a67e290749151e7de767c5aefbad1121cad7512",
                "sha256:11aa4e141b2456ce5cecc19c130e970793fa3a2c2e6fbb8ad65b28f35aa9e6b6",
                "sha256:13bdc1fe084ff9ac7653ae5a924cae03bf4bb07c6667c9eb5b6eb3c570220776",
                "sha256:14339dc233e7a9dda80a3800e64e7ff89d0878ba23360eea24f1af1b13772cac",
                "sha256:1d33e775fab3f383167afb20b9927aaf4961b953d76eeb271a5703a6d756b65b",
                "sha256:2a42b2399d0428619e58dac7734838102d35f6dcdee149e0088823629bf99fbb",
                "sha256:2dce05ac8b3c37b9e2f65eab56c544885607394753e9613fd159d5e2045c2d98",
                "sha256:63cfccdc6217edcaa48369191ae4dca0c390af3c74f23c619e954973035948cd",
                "sha256:6453b0dae593163ffc6db6f9c9c1597d35c650598e2c39c0590d1757207a1ac2",
                "sha256:73a5a96fb5fbf2215beee2353a128d382dbca83f5341f0d3c750877a236569ef",
                "sha256:8abb4ef79161a5f58848b30ab6fb98d8c466da21fdd65558ce1d7afc02c70b5f",
                "sha256:8ac1167195b32a8755de06efd5b2d2fe76fc864517dab66aaf65662cc59e1988",
                "sha256:8f505f42f659012794414fa57c498404e64db78f1d98dfd40e318c569f3c783b",
                "sha256:9c8a06556918ee8e3ab48c65574f318f5a0a4d31437fc135da7ee9d4f9080415",
                "sha256:a1e25fc5650cf64f01c9e435033e53a4aca9de30eb9929d099f3bb078e18f8f2",
                "sha256:be71cd5fce04061e1f3d39597f93619c80cdd3558a6c9ba99a546f144a8d8101",
                "sha256:c5b1a7a680218dee9da0f1b5e24072c46b3c275d35712bc1d505b85bb03441c0",
                "sha256:cb785db1a9468841a1265c9215c60fe5d7af2fb1b209e3316a152704607fc582",
                "sha256:cf6877124ae6a0698404e169b3ba534542cfbc43f939d46b927d956daf0a373a",
                "sha256:d0eb5b2795b7ee2cbcfcadacbe95a13afbda048a262bd369da9904fecb568975",
                "sha256:d3a934e2b9f20abac009d5b6951067cfb5486889cb913192b4d8288b216842f1",
                "sha256:d795f506bcc9463efb5ebb0f65ed77921dcc9e0a50499dedd89f208445de9ecb",
                "sha256:d8aaf7e5d6b0e0ef7d6dbf7abeb75085713d0100b4eb1a4e4e857de76d77ac45",
                "sha256:de2aaca8386cf4d70f1796352f2346f48ddb0bed61dc43a3ce773ba12e064031",
                "sha256:e0d38fa0a75f65f556fb912f2c6790d1fa29b7dd27a1d9cc5591b281321eaaa9",
                "sha256:eb2acabbd487a46b38540a819ef67e477a674481f84a82a7ba2234b9ba46f752",
                "sha256:eeee629828d0eb4f6d98ac41e9a3a6461d114d1d0aa111a8931c049359298da0",
                "sha256:f5836463a3c0cca300295b229b6c7003c415a9d11f8f9288ddbd728e2746524c",
                "sha256:f5ce9e26d25eb0b2d96f3ef0ad70e1d3ae89b5d60255c462252a3e456a48c053",
                "sha256:fabf73d5d0286f9e078774f3435601d2735c94ce9e514ac4fb945701edead7e4"
            ],
            "version": "==1.2.1"
        },
        "pyparsing": {
            "hashes": [
                "sha256:66c9268862641abcac4a96ba74506e594c884e3f57690a696d21ad8210ed667a",
                "sha256:f6c5ef0d7480ad048c054c37632c67fca55299990fff127850181659eea33fc3"
            ],
            "version": "==2.3.1"
        },
        "python-dateutil": {
            "hashes": [
                "sha256:7e6584c74aeed623791615e26efd690f29817a27c73085b78e4bad02493df2fb",
                "sha256:c89805f6f4d64db21ed966fda138f8a5ed7a4fdbc1a8ee329ce1b74e3c74da9e"
            ],
            "index": "pypi",
            "version": "==2.8.0"
        },
        "python-json-logger": {
            "hashes": [
                "sha256:3e000053837500f9eb28d6228d7cb99fabfc1874d34b40c08289207292abaf2e",
                "sha256:cf2caaf34bd2eff394915b6242de4d0245de79971712439380ece6f149748cde"
            ],
            "version": "==0.1.10"
        },
        "pytz": {
            "hashes": [
                "sha256:32b0891edff07e28efe91284ed9c31e123d84bea3fd98e1f72be2508f43ef8d9",
                "sha256:d5f05e487007e29e03409f9398d074e158d920d36eb82eaf66fb1136b0c5374c"
            ],
            "version": "==2018.9"
        },
        "pyyaml": {
            "hashes": [
                "sha256:3d7da3009c0f3e783b2c873687652d83b1bbfd5c88e9813fb7e5b03c0dd3108b",
                "sha256:3ef3092145e9b70e3ddd2c7ad59bdd0252a94dfe3949721633e41344de00a6bf",
                "sha256:40c71b8e076d0550b2e6380bada1f1cd1017b882f7e16f09a65be98e017f211a",
                "sha256:558dd60b890ba8fd982e05941927a3911dc409a63dcb8b634feaa0cda69330d3",
                "sha256:a7c28b45d9f99102fa092bb213aa12e0aaf9a6a1f5e395d36166639c1f96c3a1",
                "sha256:aa7dd4a6a427aed7df6fb7f08a580d68d9b118d90310374716ae90b710280af1",
                "sha256:bc558586e6045763782014934bfaf39d48b8ae85a2713117d16c39864085c613",
                "sha256:d46d7982b62e0729ad0175a9bc7e10a566fc07b224d2c79fafb5e032727eaa04",
                "sha256:d5eef459e30b09f5a098b9cea68bebfeb268697f78d647bd255a085371ac7f3f",
                "sha256:e01d3203230e1786cd91ccfdc8f8454c8069c91bee3962ad93b87a4b2860f537",
                "sha256:e170a9e6fcfd19021dd29845af83bb79236068bf5fd4df3327c1be18182b2531"
            ],
            "index": "pypi",
            "version": "==3.13"
        },
        "requests": {
            "hashes": [
                "sha256:502a824f31acdacb3a35b6690b5fbf0bc41d63a24a45c4004352b0242707598e",
                "sha256:7bf2a778576d825600030a110f3c0e3e8edc51dfaafe1c146e39a2027784957b"
            ],
            "index": "pypi",
            "version": "==2.21.0"
        },
        "six": {
            "hashes": [
                "sha256:3350809f0555b11f552448330d0b52d5f24c91a322ea4a15ef22629740f3761c",
                "sha256:d16a0141ec1a18405cd4ce8b4613101da75da0e9a7aec5bdd4fa804d0e0eba73"
            ],
            "version": "==1.12.0"
        },
        "snowballstemmer": {
            "hashes": [
                "sha256:919f26a68b2c17a7634da993d91339e288964f93c274f1343e3bbbe2096e1128",
                "sha256:9f3bcd3c401c3e862ec0ebe6d2c069ebc012ce142cce209c098ccb5b09136e89"
            ],
            "version": "==1.2.1"
        },
        "soupsieve": {
            "hashes": [
                "sha256:afa56bf14907bb09403e5d15fbed6275caa4174d36b975226e3b67a3bb6e2c4b",
                "sha256:eaed742b48b1f3e2d45ba6f79401b2ed5dc33b2123dfe216adb90d4bfa0ade26"
            ],
            "version": "==1.8"
        },
        "sphinx": {
            "hashes": [
                "sha256:b53904fa7cb4b06a39409a492b949193a1b68cc7241a1a8ce9974f86f0d24287",
                "sha256:c1c00fc4f6e8b101a0d037065043460dffc2d507257f2f11acaed71fd2b0c83c"
            ],
            "index": "pypi",
            "version": "==1.8.4"
        },
        "sphinxcontrib-websupport": {
            "hashes": [
                "sha256:68ca7ff70785cbe1e7bccc71a48b5b6d965d79ca50629606c7861a21b206d9dd",
                "sha256:9de47f375baf1ea07cdb3436ff39d7a9c76042c10a769c52353ec46e4e8fc3b9"
            ],
            "version": "==1.1.0"
        },
        "typing": {
            "hashes": [
                "sha256:4027c5f6127a6267a435201981ba156de91ad0d1d98e9ddc2aa173453453492d",
                "sha256:57dcf675a99b74d64dacf6fba08fb17cf7e3d5fdff53d4a30ea2a5e7e52543d4",
                "sha256:a4c8473ce11a65999c8f59cb093e70686b6c84c98df58c1dae9b3b196089858a"
            ],
            "markers": "python_version < '3.7'",
            "version": "==3.6.6"
        },
        "urllib3": {
            "hashes": [
                "sha256:61bf29cada3fc2fbefad4fdf059ea4bd1b4a86d2b6d15e1c7c0b582b9752fe39",
                "sha256:de9529817c93f27c8ccbfead6985011db27bd0ddfcdb2d86f3f663385c6a9c22"
            ],
            "version": "==1.24.1"
        },
        "websockets": {
            "hashes": [
                "sha256:0e2f7d6567838369af074f0ef4d0b802d19fa1fee135d864acc656ceefa33136",
                "sha256:2a16dac282b2fdae75178d0ed3d5b9bc3258dabfae50196cbb30578d84b6f6a6",
                "sha256:5a1fa6072405648cb5b3688e9ed3b94be683ce4a4e5723e6f5d34859dee495c1",
                "sha256:5c1f55a1274df9d6a37553fef8cff2958515438c58920897675c9bc70f5a0538",
                "sha256:669d1e46f165e0ad152ed8197f7edead22854a6c90419f544e0f234cc9dac6c4",
                "sha256:695e34c4dbea18d09ab2c258994a8bf6a09564e762655408241f6a14592d2908",
                "sha256:6b2e03d69afa8d20253455e67b64de1a82ff8612db105113cccec35d3f8429f0",
                "sha256:79ca7cdda7ad4e3663ea3c43bfa8637fc5d5604c7737f19a8964781abbd1148d",
                "sha256:7fd2dd9a856f72e6ed06f82facfce01d119b88457cd4b47b7ae501e8e11eba9c",
                "sha256:82c0354ac39379d836719a77ee360ef865377aa6fdead87909d50248d0f05f4d",
                "sha256:8f3b956d11c5b301206382726210dc1d3bee1a9ccf7aadf895aaf31f71c3716c",
                "sha256:91ec98640220ae05b34b79ee88abf27f97ef7c61cf525eec57ea8fcea9f7dddb",
                "sha256:952be9540d83dba815569d5cb5f31708801e0bbfc3a8c5aef1890b57ed7e58bf",
                "sha256:99ac266af38ba1b1fe13975aea01ac0e14bb5f3a3200d2c69f05385768b8568e",
                "sha256:9fa122e7adb24232247f8a89f2d9070bf64b7869daf93ac5e19546b409e47e96",
                "sha256:a0873eadc4b8ca93e2e848d490809e0123eea154aa44ecd0109c4d0171869584",
                "sha256:cb998bd4d93af46b8b49ecf5a72c0a98e5cc6d57fdca6527ba78ad89d6606484",
                "sha256:e02e57346f6a68523e3c43bbdf35dde5c440318d1f827208ae455f6a2ace446d",
                "sha256:e79a5a896bcee7fff24a788d72e5c69f13e61369d055f28113e71945a7eb1559",
                "sha256:ee55eb6bcf23ecc975e6b47c127c201b913598f38b6a300075f84eeef2d3baff",
                "sha256:f1414e6cbcea8d22843e7eafdfdfae3dd1aba41d1945f6ca66e4806c07c4f454"
            ],
            "version": "==6.0"
        },
        "yarl": {
            "hashes": [
                "sha256:024ecdc12bc02b321bc66b41327f930d1c2c543fa9a561b39861da9388ba7aa9",
                "sha256:2f3010703295fbe1aec51023740871e64bb9664c789cba5a6bdf404e93f7568f",
                "sha256:3890ab952d508523ef4881457c4099056546593fa05e93da84c7250516e632eb",
                "sha256:3e2724eb9af5dc41648e5bb304fcf4891adc33258c6e14e2a7414ea32541e320",
                "sha256:5badb97dd0abf26623a9982cd448ff12cb39b8e4c94032ccdedf22ce01a64842",
                "sha256:73f447d11b530d860ca1e6b582f947688286ad16ca42256413083d13f260b7a0",
                "sha256:7ab825726f2940c16d92aaec7d204cfc34ac26c0040da727cf8ba87255a33829",
                "sha256:b25de84a8c20540531526dfbb0e2d2b648c13fd5dd126728c496d7c3fea33310",
                "sha256:c6e341f5a6562af74ba55205dbd56d248daf1b5748ec48a0200ba227bb9e33f4",
                "sha256:c9bb7c249c4432cd47e75af3864bc02d26c9594f49c82e2a28624417f0ae63b8",
                "sha256:e060906c0c585565c718d1c3841747b61c5439af2211e185f6739a9412dfbde1"
            ],
            "version": "==1.3.0"
        }
    },
    "develop": {
        "aspy.yaml": {
            "hashes": [
                "sha256:ae249074803e8b957c83fdd82a99160d0d6d26dff9ba81ba608b42eebd7d8cd3",
                "sha256:c7390d79f58eb9157406966201abf26da0d56c07e0ff0deadc39c8f4dbc13482"
            ],
            "version": "==1.2.0"
        },
        "attrs": {
            "hashes": [
                "sha256:69c0dbf2ed392de1cb5ec704444b08a5ef81680a61cb899dc08127123af36a79",
                "sha256:f0b870f674851ecbfbbbd364d6b5cbdff9dcedbc7f3f5e18a6891057f21fe399"
            ],
            "version": "==19.1.0"
        },
        "certifi": {
            "hashes": [
                "sha256:47f9c83ef4c0c621eaef743f133f09fa8a74a9b75f037e8624f83bd1b6626cb7",
                "sha256:993f830721089fef441cdfeb4b2c8c9df86f0c63239f06bd025a76a7daddb033"
            ],
            "version": "==2018.11.29"
        },
        "cfgv": {
            "hashes": [
                "sha256:39f8475d8eca48639f900daffa3f8bd2f60a31d989df41a9f81c5ad1779a66eb",
                "sha256:a6a4366d32799a6bfb6f577ebe113b27ba8d1bae43cb57133b1472c1c3dae227"
            ],
            "version": "==1.5.0"
        },
        "chardet": {
            "hashes": [
                "sha256:84ab92ed1c4d4f16916e05906b6b75a6c0fb5db821cc65e70cbd64a3e2a5eaae",
                "sha256:fc323ffcaeaed0e0a02bf4d117757b98aed530d9ed4531e3e15460124c106691"
            ],
            "version": "==3.0.4"
        },
        "click": {
            "hashes": [
                "sha256:2335065e6395b9e67ca716de5f7526736bfa6ceead690adf616d925bdc622b13",
                "sha256:5b94b49521f6456670fdb30cd82a4eca9412788a93fa6dd6df72c94d5a8ff2d7"
            ],
            "version": "==7.0"
        },
        "dodgy": {
            "hashes": [
                "sha256:65e13cf878d7aff129f1461c13cb5fd1bb6dfe66bb5327e09379c3877763280c"
            ],
            "index": "pypi",
            "version": "==0.1.9"
        },
        "dparse": {
            "hashes": [
                "sha256:00a5fdfa900629e5159bf3600d44905b333f4059a3366f28e0dbd13eeab17b19",
                "sha256:cef95156fa0adedaf042cd42f9990974bec76f25dfeca4dc01f381a243d5aa5b"
            ],
            "version": "==0.4.1"
        },
        "entrypoints": {
            "hashes": [
                "sha256:589f874b313739ad35be6e0cd7efde2a4e9b6fea91edcc34e58ecbb8dbe56d19",
                "sha256:c70dd71abe5a8c85e55e12c19bd91ccfeec11a6e99044204511f9ed547d48451"
            ],
            "version": "==0.3"
        },
        "flake8": {
            "hashes": [
                "sha256:859996073f341f2670741b51ec1e67a01da142831aa1fdc6242dbf88dffbe661",
                "sha256:a796a115208f5c03b18f332f7c11729812c8c3ded6c46319c59b53efd3819da8"
            ],
            "index": "pypi",
            "version": "==3.7.7"
        },
        "flake8-bugbear": {
            "hashes": [
                "sha256:07b6e769d7f4e168d590f7088eae40f6ddd9fa4952bed31602def65842682c83",
                "sha256:0ccf56975f4db1d69dc1cf3598c99d768ebf95d0cad27d76087954aa399b515a"
            ],
            "index": "pypi",
            "version": "==18.8.0"
        },
        "flake8-import-order": {
            "hashes": [
                "sha256:90a80e46886259b9c396b578d75c749801a41ee969a235e163cfe1be7afd2543",
                "sha256:a28dc39545ea4606c1ac3c24e9d05c849c6e5444a50fb7e9cdd430fc94de6e92"
            ],
            "index": "pypi",
            "version": "==0.18.1"
        },
        "flake8-string-format": {
            "hashes": [
                "sha256:68ea72a1a5b75e7018cae44d14f32473c798cf73d75cbaed86c6a9a907b770b2",
                "sha256:774d56103d9242ed968897455ef49b7d6de272000cfa83de5814273a868832f1"
            ],
            "index": "pypi",
            "version": "==0.2.3"
        },
        "flake8-tidy-imports": {
            "hashes": [
                "sha256:1c476aabc6e8db26dc75278464a3a392dba0ea80562777c5f13fd5cdf2646154",
                "sha256:b3f5b96affd0f57cacb6621ed28286ce67edaca807757b51227043ebf7b136a1"
            ],
            "index": "pypi",
            "version": "==2.0.0"
        },
        "flake8-todo": {
            "hashes": [
                "sha256:6e4c5491ff838c06fe5a771b0e95ee15fc005ca57196011011280fc834a85915"
            ],
            "index": "pypi",
            "version": "==0.7"
        },
        "identify": {
            "hashes": [
                "sha256:407cbb36e8b72b45cfa96a97ae13ccabca4c36557e03616958bd895dfcd3f77d",
                "sha256:721abbbb1269fa1172799119981c22c5ace022544ce82eedc29b1b0d753baaa5"
            ],
            "version": "==1.4.0"
        },
        "idna": {
            "hashes": [
                "sha256:c357b3f628cf53ae2c4c05627ecc484553142ca23264e593d327bcde5e9c3407",
                "sha256:ea8b7f6188e6fa117537c3df7da9fc686d485087abf6ac197f9c46432f7e4a3c"
            ],
            "version": "==2.8"
        },
        "importlib-metadata": {
            "hashes": [
                "sha256:a17ce1a8c7bff1e8674cb12c992375d8d0800c9190177ecf0ad93e0097224095",
                "sha256:b50191ead8c70adfa12495fba19ce6d75f2e0275c14c5a7beb653d6799b512bd"
            ],
            "version": "==0.8"
        },
        "importlib-resources": {
            "hashes": [
                "sha256:6e2783b2538bd5a14678284a3962b0660c715e5a0f10243fd5e00a4b5974f50b",
                "sha256:d3279fd0f6f847cced9f7acc19bd3e5df54d34f93a2e7bb5f238f81545787078"
            ],
            "markers": "python_version < '3.7'",
            "version": "==1.0.2"
        },
        "mccabe": {
            "hashes": [
                "sha256:ab8a6258860da4b6677da4bd2fe5dc2c659cff31b3ee4f7f5d64e79735b80d42",
                "sha256:dd8d182285a0fe56bace7f45b5e7d1a6ebcbf524e8f3bd87eb0f125271b8831f"
            ],
            "version": "==0.6.1"
        },
        "nodeenv": {
            "hashes": [
                "sha256:ad8259494cf1c9034539f6cced78a1da4840a4b157e23640bc4a0c0546b0cb7a"
            ],
            "version": "==1.3.3"
        },
        "packaging": {
            "hashes": [
                "sha256:0c98a5d0be38ed775798ece1b9727178c4469d9c3b4ada66e8e6b7849f8732af",
                "sha256:9e1cbf8c12b1f1ce0bb5344b8d7ecf66a6f8a6e91bcb0c84593ed6d3ab5c4ab3"
            ],
            "version": "==19.0"
        },
        "pre-commit": {
            "hashes": [
                "sha256:d3d69c63ae7b7584c4b51446b0b583d454548f9df92575b2fe93a68ec800c4d3",
                "sha256:fc512f129b9526e35e80d656a16a31c198f584c4fce3a5c739045b5140584917"
            ],
            "index": "pypi",
            "version": "==1.14.4"
        },
        "pycodestyle": {
            "hashes": [
                "sha256:95a2219d12372f05704562a14ec30bc76b05a5b297b21a5dfe3f6fac3491ae56",
                "sha256:e40a936c9a450ad81df37f549d676d127b1b66000a6c500caa2b085bc0ca976c"
            ],
            "version": "==2.5.0"
        },
        "pyflakes": {
            "hashes": [
                "sha256:17dbeb2e3f4d772725c777fabc446d5634d1038f234e77343108ce445ea69ce0",
                "sha256:d976835886f8c5b31d47970ed689944a0262b5f3afa00a5a7b4dc81e5449f8a2"
            ],
            "version": "==2.1.1"
        },
        "pyparsing": {
            "hashes": [
                "sha256:66c9268862641abcac4a96ba74506e594c884e3f57690a696d21ad8210ed667a",
                "sha256:f6c5ef0d7480ad048c054c37632c67fca55299990fff127850181659eea33fc3"
            ],
            "version": "==2.3.1"
        },
        "pyyaml": {
            "hashes": [
                "sha256:3d7da3009c0f3e783b2c873687652d83b1bbfd5c88e9813fb7e5b03c0dd3108b",
                "sha256:3ef3092145e9b70e3ddd2c7ad59bdd0252a94dfe3949721633e41344de00a6bf",
                "sha256:40c71b8e076d0550b2e6380bada1f1cd1017b882f7e16f09a65be98e017f211a",
                "sha256:558dd60b890ba8fd982e05941927a3911dc409a63dcb8b634feaa0cda69330d3",
                "sha256:a7c28b45d9f99102fa092bb213aa12e0aaf9a6a1f5e395d36166639c1f96c3a1",
                "sha256:aa7dd4a6a427aed7df6fb7f08a580d68d9b118d90310374716ae90b710280af1",
                "sha256:bc558586e6045763782014934bfaf39d48b8ae85a2713117d16c39864085c613",
                "sha256:d46d7982b62e0729ad0175a9bc7e10a566fc07b224d2c79fafb5e032727eaa04",
                "sha256:d5eef459e30b09f5a098b9cea68bebfeb268697f78d647bd255a085371ac7f3f",
                "sha256:e01d3203230e1786cd91ccfdc8f8454c8069c91bee3962ad93b87a4b2860f537",
                "sha256:e170a9e6fcfd19021dd29845af83bb79236068bf5fd4df3327c1be18182b2531"
            ],
            "index": "pypi",
            "version": "==3.13"
        },
        "requests": {
            "hashes": [
                "sha256:502a824f31acdacb3a35b6690b5fbf0bc41d63a24a45c4004352b0242707598e",
                "sha256:7bf2a778576d825600030a110f3c0e3e8edc51dfaafe1c146e39a2027784957b"
            ],
            "index": "pypi",
            "version": "==2.21.0"
        },
        "safety": {
            "hashes": [
                "sha256:0a3a8a178a9c96242b224f033ee8d1d130c0448b0e6622d12deaf37f6c3b4e59",
                "sha256:5059f3ffab3648330548ea9c7403405bbfaf085b11235770825d14c58f24cb78"
            ],
            "index": "pypi",
            "version": "==1.8.5"
        },
        "six": {
            "hashes": [
                "sha256:3350809f0555b11f552448330d0b52d5f24c91a322ea4a15ef22629740f3761c",
                "sha256:d16a0141ec1a18405cd4ce8b4613101da75da0e9a7aec5bdd4fa804d0e0eba73"
            ],
            "version": "==1.12.0"
        },
        "toml": {
            "hashes": [
                "sha256:229f81c57791a41d65e399fc06bf0848bab550a9dfd5ed66df18ce5f05e73d5c",
                "sha256:235682dd292d5899d361a811df37e04a8828a5b1da3115886b73cf81ebc9100e"
            ],
            "version": "==0.10.0"
        },
        "urllib3": {
            "hashes": [
                "sha256:61bf29cada3fc2fbefad4fdf059ea4bd1b4a86d2b6d15e1c7c0b582b9752fe39",
                "sha256:de9529817c93f27c8ccbfead6985011db27bd0ddfcdb2d86f3f663385c6a9c22"
            ],
            "version": "==1.24.1"
        },
        "virtualenv": {
            "hashes": [
                "sha256:6aebaf4dd2568a0094225ebbca987859e369e3e5c22dc7d52e5406d504890417",
                "sha256:984d7e607b0a5d1329425dd8845bd971b957424b5ba664729fab51ab8c11bc39"
            ],
            "version": "==16.4.3"
        },
        "zipp": {
            "hashes": [
                "sha256:55ca87266c38af6658b84db8cfb7343cdb0bf275f93c7afaea0d8e7a209c7478",
                "sha256:682b3e1c62b7026afe24eadf6be579fb45fec54c07ea218bded8092af07a68c4"
            ],
            "version": "==0.3.3"
        }
    }
}
